{
  "lib/forge-std": {
    "tag": {
      "name": "v1.12.0",
      "rev": "7117c90c8cf6c68e5acce4f09a6b24715cea4de6"
    }
  },
  "lib/openzeppelin-contracts": {
    "tag": {
      "name": "v5.5.0",
      "rev": "fcbae5394ae8ad52d8e580a3477db99814b9d565"
    }
  },
  "lib/pyth-sdk-solidity": {
    "tag": {
      "name": "v2.2.0",
      "rev": "11d6bcfc2e56885535a9a8e3c8417847cb20be14"
    }
  }
}